
Microsoft Visual Studio Solution File, Format Version 12.00
# Visual Studio Version 16
VisualStudioVersion = 16.0.29215.179
MinimumVisualStudioVersion = 10.0.40219.1
Project("{FAE04EC0-301F-11D3-BF4B-00C04F79EFBC}") = "Lab1_test", "Lab1_test\Lab1_test.csproj", "{2B42A55C-2766-4E6E-A598-CFF2D064A27B}"
EndProject
Global
	GlobalSection(SolutionConfigurationPlatforms) = preSolution
		Debug|Any CPU = Debug|Any CPU
		Release|Any CPU = Release|Any CPU
	EndGlobalSection
	GlobalSection(ProjectConfigurationPlatforms) = postSolution
		{2B42A55C-2766-4E6E-A598-CFF2D064A27B}.Debug|Any CPU.ActiveCfg = Debug|Any CPU
		{2B42A55C-2766-4E6E-A598-CFF2D064A27B}.Debug|Any CPU.Build.0 = Debug|Any CPU
		{2B42A55C-2766-4E6E-A598-CFF2D064A27B}.Release|Any CPU.ActiveCfg = Release|Any CPU
		{2B42A55C-2766-4E6E-A598-CFF2D064A27B}.Release|Any CPU.Build.0 = Release|Any CPU
	EndGlobalSection
	GlobalSection(SolutionProperties) = preSolution
		HideSolutionNode = FALSE
	EndGlobalSection
	GlobalSection(ExtensibilityGlobals) = postSolution
		SolutionGuid = {7B86BDDB-BCE2-4607-BB34-FE51BD005B16}
	EndGlobalSection
EndGlobal
